{
  "name": "reactcas",
  "lockfileVersion": 3,
  "requires": true,
  "packages": {
    "": {
      "dependencies": {
        "bahtrext": "^1.4.2"
      }
    },
    "node_modules/bahtrext": {
      "version": "1.4.2",
      "resolved": "https://registry.npmjs.org/bahtrext/-/bahtrext-1.4.2.tgz",
      "integrity": "sha512-xWqPa4IU/AqwpQkDvRICjv9lz5sK7vuGIITdPE2Bg17KV2seWYO3yBU1+0EkBSVkSSf9AsBYVNBzjdMviMJo2Q==",
      "dependencies": {
        "operation-strint": "^1.0.8",
        "thai-baht-text": "^2.0.5"
      }
    },
    "node_modules/isdivisiblebyx": {
      "version": "1.0.2",
      "resolved": "https://registry.npmjs.org/isdivisiblebyx/-/isdivisiblebyx-1.0.2.tgz",
      "integrity": "sha512-x2mdQs43gHs0RY9QYLxcAe8XiA0oL9kwMEI+nolPzchtGhhls9L/NhDFnM5J0AiIZOWVDsVuIE7q3wjf9Em3SQ==",
      "dependencies": {
        "operation-strint": "^1.0.3"
      }
    },
    "node_modules/operation-strint": {
      "version": "1.0.8",
      "resolved": "https://registry.npmjs.org/operation-strint/-/operation-strint-1.0.8.tgz",
      "integrity": "sha512-TvXxvD/zMMbeko0R0o7VqueC2m4Sb03KCDN0TeGJUwUhPAZ+/TymhwbO5rpXwRPldc/FF6xsg6WntbTwdzc4mg==",
      "dependencies": {
        "isdivisiblebyx": "^1.0.2"
      }
    },
    "node_modules/thai-baht-text": {
      "version": "2.0.5",
      "resolved": "https://registry.npmjs.org/thai-baht-text/-/thai-baht-text-2.0.5.tgz",
      "integrity": "sha512-xTb1marcZhO7PFm2mBPKDJgtMg3crT8uCNHZIbPaV+B/R9LNWS1wBPg4DULtSgZSllsdmEObPzefxOeKAb6X+Q=="
    }
  }
}
